{
    "name": "ocean-client",
    "lockfileVersion": 2,
    "requires": true,
    "packages": {
        "": {
            "dependencies": {
                "@defichain/whale-api-client": "latest",
                "node-fetch": "^3.2.0",
                "typescript": "^4.5.5"
            },
            "devDependencies": {
                "@vercel/ncc": "latest"
            }
        },
        "node_modules/@defichain/jellyfish-api-core": {
            "version": "2.19.0",
            "resolved": "https://registry.npmjs.org/@defichain/jellyfish-api-core/-/jellyfish-api-core-2.19.0.tgz",
            "integrity": "sha512-mPi0JyD/mlJkjhP4L7RhY5EVMuYjLmNggYLU/8RJA+L1tj0+n1rStCRh/XWoEs89x0Bk+FC3HYDguL6R2lWK0Q==",
            "dependencies": {
                "@defichain/jellyfish-json": "2.19.0"
            },
            "peerDependencies": {
                "defichain": "^2.19.0"
            }
        },
        "node_modules/@defichain/jellyfish-api-jsonrpc": {
            "version": "2.19.0",
            "resolved": "https://registry.npmjs.org/@defichain/jellyfish-api-jsonrpc/-/jellyfish-api-jsonrpc-2.19.0.tgz",
            "integrity": "sha512-ohn80Aco6U8BGvweNUkJtKBeBg4elBsPbn3ve01XWffanPCSSxAwBhwiylJlZ/wrPtPffsF849rNP0lT7ZKbRA==",
            "dependencies": {
                "@defichain/jellyfish-api-core": "2.19.0",
                "abort-controller": "^3.0.0",
                "cross-fetch": "^3.1.5"
            },
            "peerDependencies": {
                "defichain": "^2.19.0"
            }
        },
        "node_modules/@defichain/jellyfish-json": {
            "version": "2.19.0",
            "resolved": "https://registry.npmjs.org/@defichain/jellyfish-json/-/jellyfish-json-2.19.0.tgz",
            "integrity": "sha512-wKwvW7lP16lgsRpKjIkxdSXMeIUfqxTNS6CkVNVF7sS7JTumDVtmM+RzrTJ3xixcfYxYsYf7n8eOQtqJJzTPaw==",
            "dependencies": {
                "@types/lossless-json": "^1.0.1",
                "bignumber.js": "^9.0.2",
                "lossless-json": "^1.0.5"
            },
            "peerDependencies": {
                "defichain": "^2.19.0"
            }
        },
        "node_modules/@defichain/whale-api-client": {
            "version": "0.24.0",
            "resolved": "https://registry.npmjs.org/@defichain/whale-api-client/-/whale-api-client-0.24.0.tgz",
            "integrity": "sha512-QQKx/DJ/jKKEMv4bWFSqgiDx8Jm9lSMkz5WbeNrNS+l334erT7AN69WeR/pfBYMwyRPgW/RRDR7ycvUTaskzyg==",
            "dependencies": {
                "@defichain/jellyfish-api-jsonrpc": "^2.18.3",
                "abort-controller": "^3.0.0",
                "cross-fetch": "^3.1.5",
                "url-search-params-polyfill": "8.1.1"
            }
        },
        "node_modules/@types/lossless-json": {
            "version": "1.0.1",
            "resolved": "https://registry.npmjs.org/@types/lossless-json/-/lossless-json-1.0.1.tgz",
            "integrity": "sha512-zPE8kmpeL5/6L5gtTQHSOkAW/OSYYNTDRt6/2oEgLO1Zd3Rj5WVDoMloTtLJxQJhZGLGbL4pktKSh3NbzdaWdw=="
        },
        "node_modules/@vercel/ncc": {
            "version": "0.33.3",
            "resolved": "https://registry.npmjs.org/@vercel/ncc/-/ncc-0.33.3.tgz",
            "integrity": "sha512-JGZ11QV+/ZcfudW2Cz2JVp54/pJNXbsuWRgSh2ZmmZdQBKXqBtIGrwI1Wyx8nlbzAiEFe7FHi4K1zX4//jxTnQ==",
            "dev": true,
            "bin": {
                "ncc": "dist/ncc/cli.js"
            }
        },
        "node_modules/abort-controller": {
            "version": "3.0.0",
            "resolved": "https://registry.npmjs.org/abort-controller/-/abort-controller-3.0.0.tgz",
            "integrity": "sha512-h8lQ8tacZYnR3vNQTgibj+tODHI5/+l06Au2Pcriv/Gmet0eaj4TwWH41sO9wnHDiQsEj19q0drzdWdeAHtweg==",
            "dependencies": {
                "event-target-shim": "^5.0.0"
            },
            "engines": {
                "node": ">=6.5"
            }
        },
        "node_modules/bignumber.js": {
            "version": "9.0.2",
            "resolved": "https://registry.npmjs.org/bignumber.js/-/bignumber.js-9.0.2.tgz",
            "integrity": "sha512-GAcQvbpsM0pUb0zw1EI0KhQEZ+lRwR5fYaAp3vPOYuP7aDvGy6cVN6XHLauvF8SOga2y0dcLcjt3iQDTSEliyw==",
            "engines": {
                "node": "*"
            }
        },
        "node_modules/cross-fetch": {
            "version": "3.1.5",
            "resolved": "https://registry.npmjs.org/cross-fetch/-/cross-fetch-3.1.5.tgz",
            "integrity": "sha512-lvb1SBsI0Z7GDwmuid+mU3kWVBwTVUbe7S0H52yaaAdQOXq2YktTCZdlAcNKFzE6QtRz0snpw9bNiPeOIkkQvw==",
            "dependencies": {
                "node-fetch": "2.6.7"
            }
        },
        "node_modules/cross-fetch/node_modules/node-fetch": {
            "version": "2.6.7",
            "resolved": "https://registry.npmjs.org/node-fetch/-/node-fetch-2.6.7.tgz",
            "integrity": "sha512-ZjMPFEfVx5j+y2yF35Kzx5sF7kDzxuDj6ziH4FFbOp87zKDZNx8yExJIb05OGF4Nlt9IHFIMBkRl41VdvcNdbQ==",
            "dependencies": {
                "whatwg-url": "^5.0.0"
            },
            "engines": {
                "node": "4.x || >=6.0.0"
            },
            "peerDependencies": {
                "encoding": "^0.1.0"
            },
            "peerDependenciesMeta": {
                "encoding": {
                    "optional": true
                }
            }
        },
        "node_modules/data-uri-to-buffer": {
            "version": "4.0.0",
            "resolved": "https://registry.npmjs.org/data-uri-to-buffer/-/data-uri-to-buffer-4.0.0.tgz",
            "integrity": "sha512-Vr3mLBA8qWmcuschSLAOogKgQ/Jwxulv3RNE4FXnYWRGujzrRWQI4m12fQqRkwX06C0KanhLr4hK+GydchZsaA==",
            "engines": {
                "node": ">= 12"
            }
        },
        "node_modules/defichain": {
            "version": "2.19.0",
            "resolved": "https://registry.npmjs.org/defichain/-/defichain-2.19.0.tgz",
            "integrity": "sha512-Cwz8pvJdkVYtPewYfeAT351qo+RgksrcAv98Vbr4OzP7jz2nLPUQp1G6YaBiwNPvF4NZUrmYDBjwTXJErXrHlw==",
            "peer": true,
            "engines": {
                "node": ">=14.x"
            }
        },
        "node_modules/event-target-shim": {
            "version": "5.0.1",
            "resolved": "https://registry.npmjs.org/event-target-shim/-/event-target-shim-5.0.1.tgz",
            "integrity": "sha512-i/2XbnSz/uxRCU6+NdVJgKWDTM427+MqYbkQzD321DuCQJUqOuJKIA0IM2+W2xtYHdKOmZ4dR6fExsd4SXL+WQ==",
            "engines": {
                "node": ">=6"
            }
        },
        "node_modules/fetch-blob": {
            "version": "3.1.4",
            "resolved": "https://registry.npmjs.org/fetch-blob/-/fetch-blob-3.1.4.tgz",
            "integrity": "sha512-Eq5Xv5+VlSrYWEqKrusxY1C3Hm/hjeAsCGVG3ft7pZahlUAChpGZT/Ms1WmSLnEAisEXszjzu/s+ce6HZB2VHA==",
            "funding": [
                {
                    "type": "github",
                    "url": "https://github.com/sponsors/jimmywarting"
                },
                {
                    "type": "paypal",
                    "url": "https://paypal.me/jimmywarting"
                }
            ],
            "dependencies": {
                "node-domexception": "^1.0.0",
                "web-streams-polyfill": "^3.0.3"
            },
            "engines": {
                "node": "^12.20 || >= 14.13"
            }
        },
        "node_modules/formdata-polyfill": {
            "version": "4.0.10",
            "resolved": "https://registry.npmjs.org/formdata-polyfill/-/formdata-polyfill-4.0.10.tgz",
            "integrity": "sha512-buewHzMvYL29jdeQTVILecSaZKnt/RJWjoZCF5OW60Z67/GmSLBkOFM7qh1PI3zFNtJbaZL5eQu1vLfazOwj4g==",
            "dependencies": {
                "fetch-blob": "^3.1.2"
            },
            "engines": {
                "node": ">=12.20.0"
            }
        },
        "node_modules/lossless-json": {
            "version": "1.0.5",
            "resolved": "https://registry.npmjs.org/lossless-json/-/lossless-json-1.0.5.tgz",
            "integrity": "sha512-RicKUuLwZVNZ6ZdJHgIZnSeA05p8qWc5NW0uR96mpPIjN9WDLUg9+kj1esQU1GkPn9iLZVKatSQK5gyiaFHgJA=="
        },
        "node_modules/node-domexception": {
            "version": "1.0.0",
            "resolved": "https://registry.npmjs.org/node-domexception/-/node-domexception-1.0.0.tgz",
            "integrity": "sha512-/jKZoMpw0F8GRwl4/eLROPA3cfcXtLApP0QzLmUT/HuPCZWyB7IY9ZrMeKw2O/nFIqPQB3PVM9aYm0F312AXDQ==",
            "funding": [
                {
                    "type": "github",
                    "url": "https://github.com/sponsors/jimmywarting"
                },
                {
                    "type": "github",
                    "url": "https://paypal.me/jimmywarting"
                }
            ],
            "engines": {
                "node": ">=10.5.0"
            }
        },
        "node_modules/node-fetch": {
            "version": "3.2.0",
            "resolved": "https://registry.npmjs.org/node-fetch/-/node-fetch-3.2.0.tgz",
            "integrity": "sha512-8xeimMwMItMw8hRrOl3C9/xzU49HV/yE6ORew/l+dxWimO5A4Ra8ld2rerlJvc/O7et5Z1zrWsPX43v1QBjCxw==",
            "dependencies": {
                "data-uri-to-buffer": "^4.0.0",
                "fetch-blob": "^3.1.4",
                "formdata-polyfill": "^4.0.10"
            },
            "engines": {
                "node": "^12.20.0 || ^14.13.1 || >=16.0.0"
            },
            "funding": {
                "type": "opencollective",
                "url": "https://opencollective.com/node-fetch"
            }
        },
        "node_modules/tr46": {
            "version": "0.0.3",
            "resolved": "https://registry.npmjs.org/tr46/-/tr46-0.0.3.tgz",
            "integrity": "sha1-gYT9NH2snNwYWZLzpmIuFLnZq2o="
        },
        "node_modules/typescript": {
            "version": "4.5.5",
            "resolved": "https://registry.npmjs.org/typescript/-/typescript-4.5.5.tgz",
            "integrity": "sha512-TCTIul70LyWe6IJWT8QSYeA54WQe8EjQFU4wY52Fasj5UKx88LNYKCgBEHcOMOrFF1rKGbD8v/xcNWVUq9SymA==",
            "bin": {
                "tsc": "bin/tsc",
                "tsserver": "bin/tsserver"
            },
            "engines": {
                "node": ">=4.2.0"
            }
        },
        "node_modules/url-search-params-polyfill": {
            "version": "8.1.1",
            "resolved": "https://registry.npmjs.org/url-search-params-polyfill/-/url-search-params-polyfill-8.1.1.tgz",
            "integrity": "sha512-KmkCs6SjE6t4ihrfW9JelAPQIIIFbJweaaSLTh/4AO+c58JlDcb+GbdPt8yr5lRcFg4rPswRFRRhBGpWwh0K/Q=="
        },
        "node_modules/web-streams-polyfill": {
            "version": "3.2.0",
            "resolved": "https://registry.npmjs.org/web-streams-polyfill/-/web-streams-polyfill-3.2.0.tgz",
            "integrity": "sha512-EqPmREeOzttaLRm5HS7io98goBgZ7IVz79aDvqjD0kYXLtFZTc0T/U6wHTPKyIjb+MdN7DFIIX6hgdBEpWmfPA==",
            "engines": {
                "node": ">= 8"
            }
        },
        "node_modules/webidl-conversions": {
            "version": "3.0.1",
            "resolved": "https://registry.npmjs.org/webidl-conversions/-/webidl-conversions-3.0.1.tgz",
            "integrity": "sha1-JFNCdeKnvGvnvIZhHMFq4KVlSHE="
        },
        "node_modules/whatwg-url": {
            "version": "5.0.0",
            "resolved": "https://registry.npmjs.org/whatwg-url/-/whatwg-url-5.0.0.tgz",
            "integrity": "sha1-lmRU6HZUYuN2RNNib2dCzotwll0=",
            "dependencies": {
                "tr46": "~0.0.3",
                "webidl-conversions": "^3.0.0"
            }
        }
    },
    "dependencies": {
        "@defichain/jellyfish-api-core": {
            "version": "2.19.0",
            "resolved": "https://registry.npmjs.org/@defichain/jellyfish-api-core/-/jellyfish-api-core-2.19.0.tgz",
            "integrity": "sha512-mPi0JyD/mlJkjhP4L7RhY5EVMuYjLmNggYLU/8RJA+L1tj0+n1rStCRh/XWoEs89x0Bk+FC3HYDguL6R2lWK0Q==",
            "requires": {
                "@defichain/jellyfish-json": "2.19.0"
            }
        },
        "@defichain/jellyfish-api-jsonrpc": {
            "version": "2.19.0",
            "resolved": "https://registry.npmjs.org/@defichain/jellyfish-api-jsonrpc/-/jellyfish-api-jsonrpc-2.19.0.tgz",
            "integrity": "sha512-ohn80Aco6U8BGvweNUkJtKBeBg4elBsPbn3ve01XWffanPCSSxAwBhwiylJlZ/wrPtPffsF849rNP0lT7ZKbRA==",
            "requires": {
                "@defichain/jellyfish-api-core": "2.19.0",
                "abort-controller": "^3.0.0",
                "cross-fetch": "^3.1.5"
            }
        },
        "@defichain/jellyfish-json": {
            "version": "2.19.0",
            "resolved": "https://registry.npmjs.org/@defichain/jellyfish-json/-/jellyfish-json-2.19.0.tgz",
            "integrity": "sha512-wKwvW7lP16lgsRpKjIkxdSXMeIUfqxTNS6CkVNVF7sS7JTumDVtmM+RzrTJ3xixcfYxYsYf7n8eOQtqJJzTPaw==",
            "requires": {
                "@types/lossless-json": "^1.0.1",
                "bignumber.js": "^9.0.2",
                "lossless-json": "^1.0.5"
            }
        },
        "@defichain/whale-api-client": {
            "version": "0.24.0",
            "resolved": "https://registry.npmjs.org/@defichain/whale-api-client/-/whale-api-client-0.24.0.tgz",
            "integrity": "sha512-QQKx/DJ/jKKEMv4bWFSqgiDx8Jm9lSMkz5WbeNrNS+l334erT7AN69WeR/pfBYMwyRPgW/RRDR7ycvUTaskzyg==",
            "requires": {
                "@defichain/jellyfish-api-jsonrpc": "^2.18.3",
                "abort-controller": "^3.0.0",
                "cross-fetch": "^3.1.5",
                "url-search-params-polyfill": "8.1.1"
            }
        },
        "@types/lossless-json": {
            "version": "1.0.1",
            "resolved": "https://registry.npmjs.org/@types/lossless-json/-/lossless-json-1.0.1.tgz",
            "integrity": "sha512-zPE8kmpeL5/6L5gtTQHSOkAW/OSYYNTDRt6/2oEgLO1Zd3Rj5WVDoMloTtLJxQJhZGLGbL4pktKSh3NbzdaWdw=="
        },
        "@vercel/ncc": {
            "version": "0.33.3",
            "resolved": "https://registry.npmjs.org/@vercel/ncc/-/ncc-0.33.3.tgz",
            "integrity": "sha512-JGZ11QV+/ZcfudW2Cz2JVp54/pJNXbsuWRgSh2ZmmZdQBKXqBtIGrwI1Wyx8nlbzAiEFe7FHi4K1zX4//jxTnQ==",
            "dev": true
        },
        "abort-controller": {
            "version": "3.0.0",
            "resolved": "https://registry.npmjs.org/abort-controller/-/abort-controller-3.0.0.tgz",
            "integrity": "sha512-h8lQ8tacZYnR3vNQTgibj+tODHI5/+l06Au2Pcriv/Gmet0eaj4TwWH41sO9wnHDiQsEj19q0drzdWdeAHtweg==",
            "requires": {
                "event-target-shim": "^5.0.0"
            }
        },
        "bignumber.js": {
            "version": "9.0.2",
            "resolved": "https://registry.npmjs.org/bignumber.js/-/bignumber.js-9.0.2.tgz",
            "integrity": "sha512-GAcQvbpsM0pUb0zw1EI0KhQEZ+lRwR5fYaAp3vPOYuP7aDvGy6cVN6XHLauvF8SOga2y0dcLcjt3iQDTSEliyw=="
        },
        "cross-fetch": {
            "version": "3.1.5",
            "resolved": "https://registry.npmjs.org/cross-fetch/-/cross-fetch-3.1.5.tgz",
            "integrity": "sha512-lvb1SBsI0Z7GDwmuid+mU3kWVBwTVUbe7S0H52yaaAdQOXq2YktTCZdlAcNKFzE6QtRz0snpw9bNiPeOIkkQvw==",
            "requires": {
                "node-fetch": "2.6.7"
            },
            "dependencies": {
                "node-fetch": {
                    "version": "2.6.7",
                    "resolved": "https://registry.npmjs.org/node-fetch/-/node-fetch-2.6.7.tgz",
                    "integrity": "sha512-ZjMPFEfVx5j+y2yF35Kzx5sF7kDzxuDj6ziH4FFbOp87zKDZNx8yExJIb05OGF4Nlt9IHFIMBkRl41VdvcNdbQ==",
                    "requires": {
                        "whatwg-url": "^5.0.0"
                    }
                }
            }
        },
        "data-uri-to-buffer": {
            "version": "4.0.0",
            "resolved": "https://registry.npmjs.org/data-uri-to-buffer/-/data-uri-to-buffer-4.0.0.tgz",
            "integrity": "sha512-Vr3mLBA8qWmcuschSLAOogKgQ/Jwxulv3RNE4FXnYWRGujzrRWQI4m12fQqRkwX06C0KanhLr4hK+GydchZsaA=="
        },
        "defichain": {
            "version": "2.19.0",
            "resolved": "https://registry.npmjs.org/defichain/-/defichain-2.19.0.tgz",
            "integrity": "sha512-Cwz8pvJdkVYtPewYfeAT351qo+RgksrcAv98Vbr4OzP7jz2nLPUQp1G6YaBiwNPvF4NZUrmYDBjwTXJErXrHlw==",
            "peer": true
        },
        "event-target-shim": {
            "version": "5.0.1",
            "resolved": "https://registry.npmjs.org/event-target-shim/-/event-target-shim-5.0.1.tgz",
            "integrity": "sha512-i/2XbnSz/uxRCU6+NdVJgKWDTM427+MqYbkQzD321DuCQJUqOuJKIA0IM2+W2xtYHdKOmZ4dR6fExsd4SXL+WQ=="
        },
        "fetch-blob": {
            "version": "3.1.4",
            "resolved": "https://registry.npmjs.org/fetch-blob/-/fetch-blob-3.1.4.tgz",
            "integrity": "sha512-Eq5Xv5+VlSrYWEqKrusxY1C3Hm/hjeAsCGVG3ft7pZahlUAChpGZT/Ms1WmSLnEAisEXszjzu/s+ce6HZB2VHA==",
            "requires": {
                "node-domexception": "^1.0.0",
                "web-streams-polyfill": "^3.0.3"
            }
        },
        "formdata-polyfill": {
            "version": "4.0.10",
            "resolved": "https://registry.npmjs.org/formdata-polyfill/-/formdata-polyfill-4.0.10.tgz",
            "integrity": "sha512-buewHzMvYL29jdeQTVILecSaZKnt/RJWjoZCF5OW60Z67/GmSLBkOFM7qh1PI3zFNtJbaZL5eQu1vLfazOwj4g==",
            "requires": {
                "fetch-blob": "^3.1.2"
            }
        },
        "lossless-json": {
            "version": "1.0.5",
            "resolved": "https://registry.npmjs.org/lossless-json/-/lossless-json-1.0.5.tgz",
            "integrity": "sha512-RicKUuLwZVNZ6ZdJHgIZnSeA05p8qWc5NW0uR96mpPIjN9WDLUg9+kj1esQU1GkPn9iLZVKatSQK5gyiaFHgJA=="
        },
        "node-domexception": {
            "version": "1.0.0",
            "resolved": "https://registry.npmjs.org/node-domexception/-/node-domexception-1.0.0.tgz",
            "integrity": "sha512-/jKZoMpw0F8GRwl4/eLROPA3cfcXtLApP0QzLmUT/HuPCZWyB7IY9ZrMeKw2O/nFIqPQB3PVM9aYm0F312AXDQ=="
        },
        "node-fetch": {
            "version": "3.2.0",
            "resolved": "https://registry.npmjs.org/node-fetch/-/node-fetch-3.2.0.tgz",
            "integrity": "sha512-8xeimMwMItMw8hRrOl3C9/xzU49HV/yE6ORew/l+dxWimO5A4Ra8ld2rerlJvc/O7et5Z1zrWsPX43v1QBjCxw==",
            "requires": {
                "data-uri-to-buffer": "^4.0.0",
                "fetch-blob": "^3.1.4",
                "formdata-polyfill": "^4.0.10"
            }
        },
        "tr46": {
            "version": "0.0.3",
            "resolved": "https://registry.npmjs.org/tr46/-/tr46-0.0.3.tgz",
            "integrity": "sha1-gYT9NH2snNwYWZLzpmIuFLnZq2o="
        },
        "typescript": {
            "version": "4.5.5",
            "resolved": "https://registry.npmjs.org/typescript/-/typescript-4.5.5.tgz",
            "integrity": "sha512-TCTIul70LyWe6IJWT8QSYeA54WQe8EjQFU4wY52Fasj5UKx88LNYKCgBEHcOMOrFF1rKGbD8v/xcNWVUq9SymA=="
        },
        "url-search-params-polyfill": {
            "version": "8.1.1",
            "resolved": "https://registry.npmjs.org/url-search-params-polyfill/-/url-search-params-polyfill-8.1.1.tgz",
            "integrity": "sha512-KmkCs6SjE6t4ihrfW9JelAPQIIIFbJweaaSLTh/4AO+c58JlDcb+GbdPt8yr5lRcFg4rPswRFRRhBGpWwh0K/Q=="
        },
        "web-streams-polyfill": {
            "version": "3.2.0",
            "resolved": "https://registry.npmjs.org/web-streams-polyfill/-/web-streams-polyfill-3.2.0.tgz",
            "integrity": "sha512-EqPmREeOzttaLRm5HS7io98goBgZ7IVz79aDvqjD0kYXLtFZTc0T/U6wHTPKyIjb+MdN7DFIIX6hgdBEpWmfPA=="
        },
        "webidl-conversions": {
            "version": "3.0.1",
            "resolved": "https://registry.npmjs.org/webidl-conversions/-/webidl-conversions-3.0.1.tgz",
            "integrity": "sha1-JFNCdeKnvGvnvIZhHMFq4KVlSHE="
        },
        "whatwg-url": {
            "version": "5.0.0",
            "resolved": "https://registry.npmjs.org/whatwg-url/-/whatwg-url-5.0.0.tgz",
            "integrity": "sha1-lmRU6HZUYuN2RNNib2dCzotwll0=",
            "requires": {
                "tr46": "~0.0.3",
                "webidl-conversions": "^3.0.0"
            }
        }
    }
}
